
Microsoft Visual Studio Solution File, Format Version 12.00
# Visual Studio Version 16
VisualStudioVersion = 16.0.29609.76
MinimumVisualStudioVersion = 10.0.40219.1
Project("{FAE04EC0-301F-11D3-BF4B-00C04F79EFBC}") = "MyLibrary.Services", "MyLibrary.Services\MyLibrary.Services.csproj", "{39CD90EB-6F4A-4FEB-929C-7EF5E6DF89C4}"
EndProject
Global
	GlobalSection(SolutionConfigurationPlatforms) = preSolution
		Debug|Any CPU = Debug|Any CPU
		Release|Any CPU = Release|Any CPU
	EndGlobalSection
	GlobalSection(ProjectConfigurationPlatforms) = postSolution
		{39CD90EB-6F4A-4FEB-929C-7EF5E6DF89C4}.Debug|Any CPU.ActiveCfg = Debug|Any CPU
		{39CD90EB-6F4A-4FEB-929C-7EF5E6DF89C4}.Debug|Any CPU.Build.0 = Debug|Any CPU
		{39CD90EB-6F4A-4FEB-929C-7EF5E6DF89C4}.Release|Any CPU.ActiveCfg = Release|Any CPU
		{39CD90EB-6F4A-4FEB-929C-7EF5E6DF89C4}.Release|Any CPU.Build.0 = Release|Any CPU
	EndGlobalSection
	GlobalSection(SolutionProperties) = preSolution
		HideSolutionNode = FALSE
	EndGlobalSection
	GlobalSection(ExtensibilityGlobals) = postSolution
		SolutionGuid = {BD182F80-540D-45E4-BBC3-2ADF6C52B1DC}
	EndGlobalSection
EndGlobal
